
Microsoft Visual Studio Solution File, Format Version 11.00
# Visual Studio 2010
Project("{FAE04EC0-301F-11D3-BF4B-00C04F79EFBC}") = "Tests", "Tests\Tests.csproj", "{0111CEC3-107B-468D-A9B3-1BAC7D0E7F7E}"
EndProject
Project("{FAE04EC0-301F-11D3-BF4B-00C04F79EFBC}") = "BuildTask", "BuildTask\BuildTask.csproj", "{EA682DB0-58E6-41FC-A70F-69D696A6D121}"
EndProject
Global
	GlobalSection(SolutionConfigurationPlatforms) = preSolution
		Debug|Any CPU = Debug|Any CPU
		Release|Any CPU = Release|Any CPU
	EndGlobalSection
	GlobalSection(ProjectConfigurationPlatforms) = postSolution
		{0111CEC3-107B-468D-A9B3-1BAC7D0E7F7E}.Debug|Any CPU.ActiveCfg = Debug|Any CPU
		{0111CEC3-107B-468D-A9B3-1BAC7D0E7F7E}.Debug|Any CPU.Build.0 = Debug|Any CPU
		{0111CEC3-107B-468D-A9B3-1BAC7D0E7F7E}.Release|Any CPU.ActiveCfg = Release|Any CPU
		{0111CEC3-107B-468D-A9B3-1BAC7D0E7F7E}.Release|Any CPU.Build.0 = Release|Any CPU
		{EA682DB0-58E6-41FC-A70F-69D696A6D121}.Debug|Any CPU.ActiveCfg = Debug|Any CPU
		{EA682DB0-58E6-41FC-A70F-69D696A6D121}.Debug|Any CPU.Build.0 = Debug|Any CPU
		{EA682DB0-58E6-41FC-A70F-69D696A6D121}.Release|Any CPU.ActiveCfg = Release|Any CPU
		{EA682DB0-58E6-41FC-A70F-69D696A6D121}.Release|Any CPU.Build.0 = Release|Any CPU
	EndGlobalSection
	GlobalSection(SolutionProperties) = preSolution
		HideSolutionNode = FALSE
	EndGlobalSection
EndGlobal
